
Microsoft Visual Studio Solution File, Format Version 12.00
# Visual Studio Version 17
VisualStudioVersion = 17.8.34316.72
MinimumVisualStudioVersion = 10.0.40219.1
Project("{9A19103F-16F7-4668-BE54-9A1E7A4F7556}") = "Ollama.Net", "Ollama.Net\Ollama.Net.csproj", "{C0E6DAF0-1AA8-4691-B73F-957A499CE3F9}"
EndProject
Project("{FAE04EC0-301F-11D3-BF4B-00C04F79EFBC}") = "Tests", "Tests\Tests.csproj", "{5B11729A-DD6C-41CC-A982-C589AC48D12E}"
EndProject
Project("{9A19103F-16F7-4668-BE54-9A1E7A4F7556}") = "ChromaDb.Net", "ChromaDb.Net\ChromaDb.Net.csproj", "{9A70485F-7AA7-439A-B48A-251D92B90A78}"
EndProject
Global
	GlobalSection(SolutionConfigurationPlatforms) = preSolution
		Debug|Any CPU = Debug|Any CPU
		Release|Any CPU = Release|Any CPU
	EndGlobalSection
	GlobalSection(ProjectConfigurationPlatforms) = postSolution
		{C0E6DAF0-1AA8-4691-B73F-957A499CE3F9}.Debug|Any CPU.ActiveCfg = Debug|Any CPU
		{C0E6DAF0-1AA8-4691-B73F-957A499CE3F9}.Debug|Any CPU.Build.0 = Debug|Any CPU
		{C0E6DAF0-1AA8-4691-B73F-957A499CE3F9}.Release|Any CPU.ActiveCfg = Release|Any CPU
		{C0E6DAF0-1AA8-4691-B73F-957A499CE3F9}.Release|Any CPU.Build.0 = Release|Any CPU
		{5B11729A-DD6C-41CC-A982-C589AC48D12E}.Debug|Any CPU.ActiveCfg = Debug|Any CPU
		{5B11729A-DD6C-41CC-A982-C589AC48D12E}.Debug|Any CPU.Build.0 = Debug|Any CPU
		{5B11729A-DD6C-41CC-A982-C589AC48D12E}.Release|Any CPU.ActiveCfg = Release|Any CPU
		{5B11729A-DD6C-41CC-A982-C589AC48D12E}.Release|Any CPU.Build.0 = Release|Any CPU
		{9A70485F-7AA7-439A-B48A-251D92B90A78}.Debug|Any CPU.ActiveCfg = Debug|Any CPU
		{9A70485F-7AA7-439A-B48A-251D92B90A78}.Debug|Any CPU.Build.0 = Debug|Any CPU
		{9A70485F-7AA7-439A-B48A-251D92B90A78}.Release|Any CPU.ActiveCfg = Release|Any CPU
		{9A70485F-7AA7-439A-B48A-251D92B90A78}.Release|Any CPU.Build.0 = Release|Any CPU
	EndGlobalSection
	GlobalSection(SolutionProperties) = preSolution
		HideSolutionNode = FALSE
	EndGlobalSection
	GlobalSection(ExtensibilityGlobals) = postSolution
		SolutionGuid = {61A8C8B3-C110-401B-91C8-5355D476617A}
	EndGlobalSection
EndGlobal
